
Microsoft Visual Studio Solution File, Format Version 11.00
# Visual Studio 2010
Project("{FAE04EC0-301F-11D3-BF4B-00C04F79EFBC}") = "CodeCamp2012", "CodeCamp2012\CodeCamp2012.csproj", "{BFD31098-E203-4116-AD8B-6CE06B75A8CA}"
EndProject
Global
	GlobalSection(SolutionConfigurationPlatforms) = preSolution
		Debug|Any CPU = Debug|Any CPU
		Release|Any CPU = Release|Any CPU
	EndGlobalSection
	GlobalSection(ProjectConfigurationPlatforms) = postSolution
		{BFD31098-E203-4116-AD8B-6CE06B75A8CA}.Debug|Any CPU.ActiveCfg = Debug|Any CPU
		{BFD31098-E203-4116-AD8B-6CE06B75A8CA}.Debug|Any CPU.Build.0 = Debug|Any CPU
		{BFD31098-E203-4116-AD8B-6CE06B75A8CA}.Release|Any CPU.ActiveCfg = Release|Any CPU
		{BFD31098-E203-4116-AD8B-6CE06B75A8CA}.Release|Any CPU.Build.0 = Release|Any CPU
	EndGlobalSection
	GlobalSection(SolutionProperties) = preSolution
		HideSolutionNode = FALSE
	EndGlobalSection
EndGlobal
